
Microsoft Visual Studio Solution File, Format Version 12.00
# Visual Studio Version 17
VisualStudioVersion = 17.4.33213.308
MinimumVisualStudioVersion = 10.0.40219.1
Project("{9A19103F-16F7-4668-BE54-9A1E7A4F7556}") = "RazzorPizzeria", "RazzorPizzeria\RazzorPizzeria.csproj", "{B265890B-90D9-47E5-9CDC-D9F5ACF70461}"
EndProject
Global
	GlobalSection(SolutionConfigurationPlatforms) = preSolution
		Debug|Any CPU = Debug|Any CPU
		Release|Any CPU = Release|Any CPU
	EndGlobalSection
	GlobalSection(ProjectConfigurationPlatforms) = postSolution
		{B265890B-90D9-47E5-9CDC-D9F5ACF70461}.Debug|Any CPU.ActiveCfg = Debug|Any CPU
		{B265890B-90D9-47E5-9CDC-D9F5ACF70461}.Debug|Any CPU.Build.0 = Debug|Any CPU
		{B265890B-90D9-47E5-9CDC-D9F5ACF70461}.Release|Any CPU.ActiveCfg = Release|Any CPU
		{B265890B-90D9-47E5-9CDC-D9F5ACF70461}.Release|Any CPU.Build.0 = Release|Any CPU
	EndGlobalSection
	GlobalSection(SolutionProperties) = preSolution
		HideSolutionNode = FALSE
	EndGlobalSection
	GlobalSection(ExtensibilityGlobals) = postSolution
		SolutionGuid = {C6332A79-AED3-472E-B290-24C653152178}
	EndGlobalSection
EndGlobal
